
Microsoft Visual Studio Solution File, Format Version 12.00
# Visual Studio 2012
Project("{FAE04EC0-301F-11D3-BF4B-00C04F79EFBC}") = "FruitBasket", "FruitBasket\FruitBasket.csproj", "{C26CFE8C-AF75-481B-B6A9-DE97A2BCDCC8}"
EndProject
Global
	GlobalSection(SolutionConfigurationPlatforms) = preSolution
		Debug|iPhoneSimulator = Debug|iPhoneSimulator
		Release|iPhone = Release|iPhone
		Release|iPhoneSimulator = Release|iPhoneSimulator
		Debug|iPhone = Debug|iPhone
	EndGlobalSection
	GlobalSection(ProjectConfigurationPlatforms) = postSolution
		{C26CFE8C-AF75-481B-B6A9-DE97A2BCDCC8}.Debug|iPhoneSimulator.ActiveCfg = Debug|iPhoneSimulator
		{C26CFE8C-AF75-481B-B6A9-DE97A2BCDCC8}.Debug|iPhoneSimulator.Build.0 = Debug|iPhoneSimulator
		{C26CFE8C-AF75-481B-B6A9-DE97A2BCDCC8}.Release|iPhone.ActiveCfg = Release|iPhone
		{C26CFE8C-AF75-481B-B6A9-DE97A2BCDCC8}.Release|iPhone.Build.0 = Release|iPhone
		{C26CFE8C-AF75-481B-B6A9-DE97A2BCDCC8}.Release|iPhoneSimulator.ActiveCfg = Release|iPhoneSimulator
		{C26CFE8C-AF75-481B-B6A9-DE97A2BCDCC8}.Release|iPhoneSimulator.Build.0 = Release|iPhoneSimulator
		{C26CFE8C-AF75-481B-B6A9-DE97A2BCDCC8}.Debug|iPhone.ActiveCfg = Debug|iPhone
		{C26CFE8C-AF75-481B-B6A9-DE97A2BCDCC8}.Debug|iPhone.Build.0 = Debug|iPhone
	EndGlobalSection
EndGlobal
